
Microsoft Visual Studio Solution File, Format Version 12.00
# Visual Studio Version 17
VisualStudioVersion = 17.10.34928.147
MinimumVisualStudioVersion = 10.0.40219.1
Project("{FAE04EC0-301F-11D3-BF4B-00C04F79EFBC}") = "InferenceCLI", "InferenceCLI\InferenceCLI.csproj", "{B358945F-4363-4641-A83C-9B080168CC3C}"
EndProject
Global
	GlobalSection(SolutionConfigurationPlatforms) = preSolution
		Debug|Any CPU = Debug|Any CPU
		Release|Any CPU = Release|Any CPU
	EndGlobalSection
	GlobalSection(ProjectConfigurationPlatforms) = postSolution
		{B358945F-4363-4641-A83C-9B080168CC3C}.Debug|Any CPU.ActiveCfg = Debug|Any CPU
		{B358945F-4363-4641-A83C-9B080168CC3C}.Debug|Any CPU.Build.0 = Debug|Any CPU
		{B358945F-4363-4641-A83C-9B080168CC3C}.Release|Any CPU.ActiveCfg = Release|Any CPU
		{B358945F-4363-4641-A83C-9B080168CC3C}.Release|Any CPU.Build.0 = Release|Any CPU
	EndGlobalSection
	GlobalSection(SolutionProperties) = preSolution
		HideSolutionNode = FALSE
	EndGlobalSection
	GlobalSection(ExtensibilityGlobals) = postSolution
		SolutionGuid = {F16DA3DB-B3AA-4CF6-8458-325E285B581C}
	EndGlobalSection
EndGlobal
